// !$*UTF8*$!
{
	archiveVersion = 1;
	classes = {
	};
	objectVersion = 56;
	objects = {

/* Begin PBXBuildFile section */
		E638A0292951281F0056DFB3 /* README.md in Resources */ = {isa = PBXBuildFile; fileRef = E638A0282951281F0056DFB3 /* README.md */; };
		E638A04629513ED40056DFB3 /* CGEvent.swift in Sources */ = {isa = PBXBuildFile; fileRef = E638A04529513ED40056DFB3 /* CGEvent.swift */; };
		E65F4765294A78130096419B /* Input.swift in Sources */ = {isa = PBXBuildFile; fileRef = E65F4764294A78130096419B /* Input.swift */; };
		E65F4769294A7E680096419B /* AXUIElement.swift in Sources */ = {isa = PBXBuildFile; fileRef = E65F4768294A7E680096419B /* AXUIElement.swift */; };
		E6D006B82941768C000D35CE /* mwmApp.swift in Sources */ = {isa = PBXBuildFile; fileRef = E6D006B72941768C000D35CE /* mwmApp.swift */; };
		E6D006BA2941768C000D35CE /* ContentView.swift in Sources */ = {isa = PBXBuildFile; fileRef = E6D006B92941768C000D35CE /* ContentView.swift */; };
		E6D006BC2941768D000D35CE /* Assets.xcassets in Resources */ = {isa = PBXBuildFile; fileRef = E6D006BB2941768D000D35CE /* Assets.xcassets */; };
		E6D006BF2941768D000D35CE /* Preview Assets.xcassets in Resources */ = {isa = PBXBuildFile; fileRef = E6D006BE2941768D000D35CE /* Preview Assets.xcassets */; };
/* End PBXBuildFile section */

/* Begin PBXFileReference section */
		E638A0282951281F0056DFB3 /* README.md */ = {isa = PBXFileReference; lastKnownFileType = net.daringfireball.markdown; path = README.md; sourceTree = "<group>"; };
		E638A04529513ED40056DFB3 /* CGEvent.swift */ = {isa = PBXFileReference; lastKnownFileType = sourcecode.swift; path = CGEvent.swift; sourceTree = "<group>"; };
		E65F4757294A3C7A0096419B /* CoreGraphics.framework */ = {isa = PBXFileReference; lastKnownFileType = wrapper.framework; name = CoreGraphics.framework; path = System/Library/Frameworks/CoreGraphics.framework; sourceTree = SDKROOT; };
		E65F4759294A3CE50096419B /* ApplicationServices.framework */ = {isa = PBXFileReference; lastKnownFileType = wrapper.framework; name = ApplicationServices.framework; path = System/Library/Frameworks/ApplicationServices.framework; sourceTree = SDKROOT; };
		E65F475B294A3CEC0096419B /* Carbon.framework */ = {isa = PBXFileReference; lastKnownFileType = wrapper.framework; name = Carbon.framework; path = System/Library/Frameworks/Carbon.framework; sourceTree = SDKROOT; };
		E65F4764294A78130096419B /* Input.swift */ = {isa = PBXFileReference; lastKnownFileType = sourcecode.swift; path = Input.swift; sourceTree = "<group>"; };
		E65F4768294A7E680096419B /* AXUIElement.swift */ = {isa = PBXFileReference; lastKnownFileType = sourcecode.swift; path = AXUIElement.swift; sourceTree = "<group>"; };
		E6D006B42941768C000D35CE /* mwm.app */ = {isa = PBXFileReference; explicitFileType = wrapper.application; includeInIndex = 0; path = mwm.app; sourceTree = BUILT_PRODUCTS_DIR; };
		E6D006B72941768C000D35CE /* mwmApp.swift */ = {isa = PBXFileReference; lastKnownFileType = sourcecode.swift; path = mwmApp.swift; sourceTree = "<group>"; };
		E6D006B92941768C000D35CE /* ContentView.swift */ = {isa = PBXFileReference; lastKnownFileType = sourcecode.swift; path = ContentView.swift; sourceTree = "<group>"; };
		E6D006BB2941768D000D35CE /* Assets.xcassets */ = {isa = PBXFileReference; lastKnownFileType = folder.assetcatalog; path = Assets.xcassets; sourceTree = "<group>"; };
		E6D006BE2941768D000D35CE /* Preview Assets.xcassets */ = {isa = PBXFileReference; lastKnownFileType = folder.assetcatalog; path = "Preview Assets.xcassets"; sourceTree = "<group>"; };
		E6D006C02941768D000D35CE /* mwm.entitlements */ = {isa = PBXFileReference; lastKnownFileType = text.plist.entitlements; path = mwm.entitlements; sourceTree = "<group>"; };
/* End PBXFileReference section */

/* Begin PBXFrameworksBuildPhase section */
		E6D006B12941768C000D35CE /* Frameworks */ = {
			isa = PBXFrameworksBuildPhase;
			buildActionMask = 2147483647;
			files = (
			);
			runOnlyForDeploymentPostprocessing = 0;
		};
/* End PBXFrameworksBuildPhase section */

/* Begin PBXGroup section */
		E65F4756294A3C7A0096419B /* Frameworks */ = {
			isa = PBXGroup;
			children = (
				E65F475B294A3CEC0096419B /* Carbon.framework */,
				E65F4759294A3CE50096419B /* ApplicationServices.framework */,
				E65F4757294A3C7A0096419B /* CoreGraphics.framework */,
			);
			name = Frameworks;
			sourceTree = "<group>";
		};
		E65F4767294A7E540096419B /* ext */ = {
			isa = PBXGroup;
			children = (
				E65F4768294A7E680096419B /* AXUIElement.swift */,
				E638A04529513ED40056DFB3 /* CGEvent.swift */,
			);
			path = ext;
			sourceTree = "<group>";
		};
		E6D006AB2941768C000D35CE = {
			isa = PBXGroup;
			children = (
				E638A0282951281F0056DFB3 /* README.md */,
				E6D006B62941768C000D35CE /* mwm */,
				E6D006B52941768C000D35CE /* Products */,
				E65F4756294A3C7A0096419B /* Frameworks */,
			);
			sourceTree = "<group>";
		};
		E6D006B52941768C000D35CE /* Products */ = {
			isa = PBXGroup;
			children = (
				E6D006B42941768C000D35CE /* mwm.app */,
			);
			name = Products;
			sourceTree = "<group>";
		};
		E6D006B62941768C000D35CE /* mwm */ = {
			isa = PBXGroup;
			children = (
				E65F4767294A7E540096419B /* ext */,
				E6D006B72941768C000D35CE /* mwmApp.swift */,
				E6D006B92941768C000D35CE /* ContentView.swift */,
				E6D006BB2941768D000D35CE /* Assets.xcassets */,
				E6D006C02941768D000D35CE /* mwm.entitlements */,
				E6D006BD2941768D000D35CE /* Preview Content */,
				E65F4764294A78130096419B /* Input.swift */,
			);
			path = mwm;
			sourceTree = "<group>";
		};
		E6D006BD2941768D000D35CE /* Preview Content */ = {
			isa = PBXGroup;
			children = (
				E6D006BE2941768D000D35CE /* Preview Assets.xcassets */,
			);
			path = "Preview Content";
			sourceTree = "<group>";
		};
/* End PBXGroup section */

/* Begin PBXNativeTarget section */
		E6D006B32941768C000D35CE /* mwm */ = {
			isa = PBXNativeTarget;
			buildConfigurationList = E6D006C32941768D000D35CE /* Build configuration list for PBXNativeTarget "mwm" */;
			buildPhases = (
				E6D006B02941768C000D35CE /* Sources */,
				E6D006B12941768C000D35CE /* Frameworks */,
				E6D006B22941768C000D35CE /* Resources */,
			);
			buildRules = (
			);
			dependencies = (
			);
			name = mwm;
			productName = mwm;
			productReference = E6D006B42941768C000D35CE /* mwm.app */;
			productType = "com.apple.product-type.application";
		};
/* End PBXNativeTarget section */

/* Begin PBXProject section */
		E6D006AC2941768C000D35CE /* Project object */ = {
			isa = PBXProject;
			attributes = {
				BuildIndependentTargetsInParallel = 1;
				LastSwiftUpdateCheck = 1410;
				LastUpgradeCheck = 1410;
				TargetAttributes = {
					E6D006B32941768C000D35CE = {
						CreatedOnToolsVersion = 14.1;
					};
				};
			};
			buildConfigurationList = E6D006AF2941768C000D35CE /* Build configuration list for PBXProject "mwm" */;
			compatibilityVersion = "Xcode 14.0";
			developmentRegion = en;
			hasScannedForEncodings = 0;
			knownRegions = (
				en,
				Base,
			);
			mainGroup = E6D006AB2941768C000D35CE;
			productRefGroup = E6D006B52941768C000D35CE /* Products */;
			projectDirPath = "";
			projectRoot = "";
			targets = (
				E6D006B32941768C000D35CE /* mwm */,
			);
		};
/* End PBXProject section */

/* Begin PBXResourcesBuildPhase section */
		E6D006B22941768C000D35CE /* Resources */ = {
			isa = PBXResourcesBuildPhase;
			buildActionMask = 2147483647;
			files = (
				E638A0292951281F0056DFB3 /* README.md in Resources */,
				E6D006BF2941768D000D35CE /* Preview Assets.xcassets in Resources */,
				E6D006BC2941768D000D35CE /* Assets.xcassets in Resources */,
			);
			runOnlyForDeploymentPostprocessing = 0;
		};
/* End PBXResourcesBuildPhase section */

/* Begin PBXSourcesBuildPhase section */
		E6D006B02941768C000D35CE /* Sources */ = {
			isa = PBXSourcesBuildPhase;
			buildActionMask = 2147483647;
			files = (
				E65F4765294A78130096419B /* Input.swift in Sources */,
				E638A04629513ED40056DFB3 /* CGEvent.swift in Sources */,
				E65F4769294A7E680096419B /* AXUIElement.swift in Sources */,
				E6D006BA2941768C000D35CE /* ContentView.swift in Sources */,
				E6D006B82941768C000D35CE /* mwmApp.swift in Sources */,
			);
			runOnlyForDeploymentPostprocessing = 0;
		};
/* End PBXSourcesBuildPhase section */

/* Begin XCBuildConfiguration section */
		E6D006C12941768D000D35CE /* Debug */ = {
			isa = XCBuildConfiguration;
			buildSettings = {
				ALWAYS_SEARCH_USER_PATHS = NO;
				CLANG_ANALYZER_NONNULL = YES;
				CLANG_ANALYZER_NUMBER_OBJECT_CONVERSION = YES_AGGRESSIVE;
				CLANG_CXX_LANGUAGE_STANDARD = "gnu++20";
				CLANG_ENABLE_MODULES = YES;
				CLANG_ENABLE_OBJC_ARC = YES;
				CLANG_ENABLE_OBJC_WEAK = YES;
				CLANG_WARN_BLOCK_CAPTURE_AUTORELEASING = YES;
				CLANG_WARN_BOOL_CONVERSION = YES;
				CLANG_WARN_COMMA = YES;
				CLANG_WARN_CONSTANT_CONVERSION = YES;
				CLANG_WARN_DEPRECATED_OBJC_IMPLEMENTATIONS = YES;
				CLANG_WARN_DIRECT_OBJC_ISA_USAGE = YES_ERROR;
				CLANG_WARN_DOCUMENTATION_COMMENTS = YES;
				CLANG_WARN_EMPTY_BODY = YES;
				CLANG_WARN_ENUM_CONVERSION = YES;
				CLANG_WARN_INFINITE_RECURSION = YES;
				CLANG_WARN_INT_CONVERSION = YES;
				CLANG_WARN_NON_LITERAL_NULL_CONVERSION = YES;
				CLANG_WARN_OBJC_IMPLICIT_RETAIN_SELF = YES;
				CLANG_WARN_OBJC_LITERAL_CONVERSION = YES;
				CLANG_WARN_OBJC_ROOT_CLASS = YES_ERROR;
				CLANG_WARN_QUOTED_INCLUDE_IN_FRAMEWORK_HEADER = YES;
				CLANG_WARN_RANGE_LOOP_ANALYSIS = YES;
				CLANG_WARN_STRICT_PROTOTYPES = YES;
				CLANG_WARN_SUSPICIOUS_MOVE = YES;
				CLANG_WARN_UNGUARDED_AVAILABILITY = YES_AGGRESSIVE;
				CLANG_WARN_UNREACHABLE_CODE = YES;
				CLANG_WARN__DUPLICATE_METHOD_MATCH = YES;
				COPY_PHASE_STRIP = NO;
				DEBUG_INFORMATION_FORMAT = dwarf;
				ENABLE_STRICT_OBJC_MSGSEND = YES;
				ENABLE_TESTABILITY = YES;
				GCC_C_LANGUAGE_STANDARD = gnu11;
				GCC_DYNAMIC_NO_PIC = NO;
				GCC_NO_COMMON_BLOCKS = YES;
				GCC_OPTIMIZATION_LEVEL = 0;
				GCC_PREPROCESSOR_DEFINITIONS = (
					"DEBUG=1",
					"$(inherited)",
				);
				GCC_WARN_64_TO_32_BIT_CONVERSION = YES;
				GCC_WARN_ABOUT_RETURN_TYPE = YES_ERROR;
				GCC_WARN_UNDECLARED_SELECTOR = YES;
				GCC_WARN_UNINITIALIZED_AUTOS = YES_AGGRESSIVE;
				GCC_WARN_UNUSED_FUNCTION = YES;
				GCC_WARN_UNUSED_VARIABLE = YES;
				MACOSX_DEPLOYMENT_TARGET = 12.5;
				MTL_ENABLE_DEBUG_INFO = INCLUDE_SOURCE;
				MTL_FAST_MATH = YES;
				ONLY_ACTIVE_ARCH = YES;
				PRODUCT_NAME = "";
				SDKROOT = macosx;
				SWIFT_ACTIVE_COMPILATION_CONDITIONS = DEBUG;
				SWIFT_OPTIMIZATION_LEVEL = "-Onone";
			};
			name = Debug;
		};
		E6D006C22941768D000D35CE /* Release */ = {
			isa = XCBuildConfiguration;
			buildSettings = {
				ALWAYS_SEARCH_USER_PATHS = NO;
				CLANG_ANALYZER_NONNULL = YES;
				CLANG_ANALYZER_NUMBER_OBJECT_CONVERSION = YES_AGGRESSIVE;
				CLANG_CXX_LANGUAGE_STANDARD = "gnu++20";
				CLANG_ENABLE_MODULES = YES;
				CLANG_ENABLE_OBJC_ARC = YES;
				CLANG_ENABLE_OBJC_WEAK = YES;
				CLANG_WARN_BLOCK_CAPTURE_AUTORELEASING = YES;
				CLANG_WARN_BOOL_CONVERSION = YES;
				CLANG_WARN_COMMA = YES;
				CLANG_WARN_CONSTANT_CONVERSION = YES;
				CLANG_WARN_DEPRECATED_OBJC_IMPLEMENTATIONS = YES;
				CLANG_WARN_DIRECT_OBJC_ISA_USAGE = YES_ERROR;
				CLANG_WARN_DOCUMENTATION_COMMENTS = YES;
				CLANG_WARN_EMPTY_BODY = YES;
				CLANG_WARN_ENUM_CONVERSION = YES;
				CLANG_WARN_INFINITE_RECURSION = YES;
				CLANG_WARN_INT_CONVERSION = YES;
				CLANG_WARN_NON_LITERAL_NULL_CONVERSION = YES;
				CLANG_WARN_OBJC_IMPLICIT_RETAIN_SELF = YES;
				CLANG_WARN_OBJC_LITERAL_CONVERSION = YES;
				CLANG_WARN_OBJC_ROOT_CLASS = YES_ERROR;
				CLANG_WARN_QUOTED_INCLUDE_IN_FRAMEWORK_HEADER = YES;
				CLANG_WARN_RANGE_LOOP_ANALYSIS = YES;
				CLANG_WARN_STRICT_PROTOTYPES = YES;
				CLANG_WARN_SUSPICIOUS_MOVE = YES;
				CLANG_WARN_UNGUARDED_AVAILABILITY = YES_AGGRESSIVE;
				CLANG_WARN_UNREACHABLE_CODE = YES;
				CLANG_WARN__DUPLICATE_METHOD_MATCH = YES;
				COPY_PHASE_STRIP = NO;
				DEBUG_INFORMATION_FORMAT = "dwarf-with-dsym";
				ENABLE_NS_ASSERTIONS = NO;
				ENABLE_STRICT_OBJC_MSGSEND = YES;
				GCC_C_LANGUAGE_STANDARD = gnu11;
				GCC_NO_COMMON_BLOCKS = YES;
				GCC_WARN_64_TO_32_BIT_CONVERSION = YES;
				GCC_WARN_ABOUT_RETURN_TYPE = YES_ERROR;
				GCC_WARN_UNDECLARED_SELECTOR = YES;
				GCC_WARN_UNINITIALIZED_AUTOS = YES_AGGRESSIVE;
				GCC_WARN_UNUSED_FUNCTION = YES;
				GCC_WARN_UNUSED_VARIABLE = YES;
				MACOSX_DEPLOYMENT_TARGET = 12.5;
				MTL_ENABLE_DEBUG_INFO = NO;
				MTL_FAST_MATH = YES;
				SDKROOT = macosx;
				SWIFT_COMPILATION_MODE = wholemodule;
				SWIFT_OPTIMIZATION_LEVEL = "-O";
			};
			name = Release;
		};
		E6D006C42941768D000D35CE /* Debug */ = {
			isa = XCBuildConfiguration;
			buildSettings = {
				ASSETCATALOG_COMPILER_APPICON_NAME = AppIcon;
				ASSETCATALOG_COMPILER_GLOBAL_ACCENT_COLOR_NAME = AccentColor;
				CODE_SIGN_ENTITLEMENTS = mwm/mwm.entitlements;
				CODE_SIGN_STYLE = Automatic;
				COMBINE_HIDPI_IMAGES = YES;
				CURRENT_PROJECT_VERSION = 1;
				DEVELOPMENT_ASSET_PATHS = "\"mwm/Preview Content\"";
				ENABLE_HARDENED_RUNTIME = NO;
				ENABLE_PREVIEWS = YES;
				GENERATE_INFOPLIST_FILE = YES;
				INFOPLIST_KEY_NSHumanReadableCopyright = "";
				LD_RUNPATH_SEARCH_PATHS = (
					"$(inherited)",
					"@executable_path/../Frameworks",
				);
				MARKETING_VERSION = 1.0;
				PRODUCT_BUNDLE_IDENTIFIER = com.mcomella.mwm;
				PRODUCT_NAME = "$(TARGET_NAME)";
				SWIFT_EMIT_LOC_STRINGS = YES;
				SWIFT_VERSION = 5.0;
			};
			name = Debug;
		};
		E6D006C52941768D000D35CE /* Release */ = {
			isa = XCBuildConfiguration;
			buildSettings = {
				ASSETCATALOG_COMPILER_APPICON_NAME = AppIcon;
				ASSETCATALOG_COMPILER_GLOBAL_ACCENT_COLOR_NAME = AccentColor;
				CODE_SIGN_ENTITLEMENTS = mwm/mwm.entitlements;
				CODE_SIGN_STYLE = Automatic;
				COMBINE_HIDPI_IMAGES = YES;
				CURRENT_PROJECT_VERSION = 1;
				DEVELOPMENT_ASSET_PATHS = "\"mwm/Preview Content\"";
				ENABLE_HARDENED_RUNTIME = NO;
				ENABLE_PREVIEWS = YES;
				GENERATE_INFOPLIST_FILE = YES;
				INFOPLIST_KEY_NSHumanReadableCopyright = "";
				LD_RUNPATH_SEARCH_PATHS = (
					"$(inherited)",
					"@executable_path/../Frameworks",
				);
				MARKETING_VERSION = 1.0;
				PRODUCT_BUNDLE_IDENTIFIER = com.mcomella.mwm;
				PRODUCT_NAME = "$(TARGET_NAME)";
				SWIFT_EMIT_LOC_STRINGS = YES;
				SWIFT_VERSION = 5.0;
			};
			name = Release;
		};
/* End XCBuildConfiguration section */

/* Begin XCConfigurationList section */
		E6D006AF2941768C000D35CE /* Build configuration list for PBXProject "mwm" */ = {
			isa = XCConfigurationList;
			buildConfigurations = (
				E6D006C12941768D000D35CE /* Debug */,
				E6D006C22941768D000D35CE /* Release */,
			);
			defaultConfigurationIsVisible = 0;
			defaultConfigurationName = Release;
		};
		E6D006C32941768D000D35CE /* Build configuration list for PBXNativeTarget "mwm" */ = {
			isa = XCConfigurationList;
			buildConfigurations = (
				E6D006C42941768D000D35CE /* Debug */,
				E6D006C52941768D000D35CE /* Release */,
			);
			defaultConfigurationIsVisible = 0;
			defaultConfigurationName = Release;
		};
/* End XCConfigurationList section */
	};
	rootObject = E6D006AC2941768C000D35CE /* Project object */;
}
